
Microsoft Visual Studio Solution File, Format Version 12.00
# Visual Studio for Mac
Project("{FAE04EC0-301F-11D3-BF4B-00C04F79EFBC}") = "Assembly-CSharp", "Assembly-CSharp.csproj", "{9F94E66D-0073-06B6-1765-F37AFFF31CA8}"
EndProject
Project("{FAE04EC0-301F-11D3-BF4B-00C04F79EFBC}") = "Assembly-CSharp-firstpass", "Assembly-CSharp-firstpass.csproj", "{0758657C-5043-5257-2713-BBE9A15FABCC}"
EndProject
Project("{FAE04EC0-301F-11D3-BF4B-00C04F79EFBC}") = "Assembly-CSharp-Editor-firstpass", "Assembly-CSharp-Editor-firstpass.csproj", "{B2D6D459-B119-ED47-364C-549EBD408572}"
EndProject
Project("{FAE04EC0-301F-11D3-BF4B-00C04F79EFBC}") = "Assembly-CSharp-Editor", "Assembly-CSharp-Editor.csproj", "{476AA291-4D9A-9BD4-DA0C-01C882A7B908}"
EndProject
Global
	GlobalSection(SolutionConfigurationPlatforms) = preSolution
		Debug|Any CPU = Debug|Any CPU
		Release|Any CPU = Release|Any CPU
	EndGlobalSection
	GlobalSection(ProjectConfigurationPlatforms) = postSolution
		{9F94E66D-0073-06B6-1765-F37AFFF31CA8}.Debug|Any CPU.ActiveCfg = Debug|Any CPU
		{9F94E66D-0073-06B6-1765-F37AFFF31CA8}.Debug|Any CPU.Build.0 = Debug|Any CPU
		{9F94E66D-0073-06B6-1765-F37AFFF31CA8}.Release|Any CPU.ActiveCfg = Release|Any CPU
		{9F94E66D-0073-06B6-1765-F37AFFF31CA8}.Release|Any CPU.Build.0 = Release|Any CPU
		{0758657C-5043-5257-2713-BBE9A15FABCC}.Debug|Any CPU.ActiveCfg = Debug|Any CPU
		{0758657C-5043-5257-2713-BBE9A15FABCC}.Debug|Any CPU.Build.0 = Debug|Any CPU
		{0758657C-5043-5257-2713-BBE9A15FABCC}.Release|Any CPU.ActiveCfg = Release|Any CPU
		{0758657C-5043-5257-2713-BBE9A15FABCC}.Release|Any CPU.Build.0 = Release|Any CPU
		{B2D6D459-B119-ED47-364C-549EBD408572}.Debug|Any CPU.ActiveCfg = Debug|Any CPU
		{B2D6D459-B119-ED47-364C-549EBD408572}.Debug|Any CPU.Build.0 = Debug|Any CPU
		{B2D6D459-B119-ED47-364C-549EBD408572}.Release|Any CPU.ActiveCfg = Release|Any CPU
		{B2D6D459-B119-ED47-364C-549EBD408572}.Release|Any CPU.Build.0 = Release|Any CPU
		{476AA291-4D9A-9BD4-DA0C-01C882A7B908}.Debug|Any CPU.ActiveCfg = Debug|Any CPU
		{476AA291-4D9A-9BD4-DA0C-01C882A7B908}.Debug|Any CPU.Build.0 = Debug|Any CPU
		{476AA291-4D9A-9BD4-DA0C-01C882A7B908}.Release|Any CPU.ActiveCfg = Release|Any CPU
		{476AA291-4D9A-9BD4-DA0C-01C882A7B908}.Release|Any CPU.Build.0 = Release|Any CPU
	EndGlobalSection
	GlobalSection(SolutionProperties) = preSolution
		HideSolutionNode = FALSE
	EndGlobalSection
EndGlobal
